
Microsoft Visual Studio Solution File, Format Version 11.00
# Visual C++ Express 2010
Project("{8BC9CEB8-8B4A-11D0-8D11-00A0C91BC942}") = "game_proj", "game_proj\game_proj.vcxproj", "{DB953808-1C26-4618-9177-4BB2C9C17D9E}"
EndProject
Global
	GlobalSection(SolutionConfigurationPlatforms) = preSolution
		Debug|Win32 = Debug|Win32
		Release|Win32 = Release|Win32
	EndGlobalSection
	GlobalSection(ProjectConfigurationPlatforms) = postSolution
		{DB953808-1C26-4618-9177-4BB2C9C17D9E}.Debug|Win32.ActiveCfg = Release|Win32
		{DB953808-1C26-4618-9177-4BB2C9C17D9E}.Debug|Win32.Build.0 = Release|Win32
		{DB953808-1C26-4618-9177-4BB2C9C17D9E}.Release|Win32.ActiveCfg = Release|Win32
		{DB953808-1C26-4618-9177-4BB2C9C17D9E}.Release|Win32.Build.0 = Release|Win32
	EndGlobalSection
	GlobalSection(SolutionProperties) = preSolution
		HideSolutionNode = FALSE
	EndGlobalSection
EndGlobal
